// !$*UTF8*$!
{
	archiveVersion = 1;
	classes = {
	};
	objectVersion = 55;
	objects = {

/* Begin PBXBuildFile section */
		221F697B283713B000DB0AF8 /* RepoListErrorView.swift in Sources */ = {isa = PBXBuildFile; fileRef = 221F697A283713B000DB0AF8 /* RepoListErrorView.swift */; };
		221F697D283720DF00DB0AF8 /* RepoListErrorViewTests.swift in Sources */ = {isa = PBXBuildFile; fileRef = 221F697C283720DF00DB0AF8 /* RepoListErrorViewTests.swift */; };
		2221B6222835B86800962155 /* RepoListPresenterSpy.swift in Sources */ = {isa = PBXBuildFile; fileRef = 2221B6212835B86800962155 /* RepoListPresenterSpy.swift */; };
		2221B6242835B90D00962155 /* RepoListViewControllerSpy.swift in Sources */ = {isa = PBXBuildFile; fileRef = 2221B6232835B90D00962155 /* RepoListViewControllerSpy.swift */; };
		2221B6262835B9CF00962155 /* RepoListViewControllerTests.swift in Sources */ = {isa = PBXBuildFile; fileRef = 2221B6252835B9CF00962155 /* RepoListViewControllerTests.swift */; };
		2221B6282835BBB900962155 /* ReposListViewSpy.swift in Sources */ = {isa = PBXBuildFile; fileRef = 2221B6272835BBB900962155 /* ReposListViewSpy.swift */; };
		2221B62B2835C09500962155 /* ReposListViewModel+Stubs.swift in Sources */ = {isa = PBXBuildFile; fileRef = 2221B62A2835C09500962155 /* ReposListViewModel+Stubs.swift */; };
		2221B62D2835C40600962155 /* GitHubAppRepositorySpy.swift in Sources */ = {isa = PBXBuildFile; fileRef = 2221B62C2835C40600962155 /* GitHubAppRepositorySpy.swift */; };
		2221B62F2835C5A200962155 /* RepoListPresenterTests.swift in Sources */ = {isa = PBXBuildFile; fileRef = 2221B62E2835C5A200962155 /* RepoListPresenterTests.swift */; };
		2221B6312835C78500962155 /* RepoListData+Stubs.swift in Sources */ = {isa = PBXBuildFile; fileRef = 2221B6302835C78500962155 /* RepoListData+Stubs.swift */; };
		2247C3FF283476CF00723B4F /* SingleRepoTableCellTests.swift in Sources */ = {isa = PBXBuildFile; fileRef = 2247C3F82834755B00723B4F /* SingleRepoTableCellTests.swift */; };
		2247C40528347A6A00723B4F /* Nimble-Snapshots in Frameworks */ = {isa = PBXBuildFile; productRef = 2247C40428347A6A00723B4F /* Nimble-Snapshots */; };
		2247C40828347A8700723B4F /* Nimble in Frameworks */ = {isa = PBXBuildFile; productRef = 2247C40728347A8700723B4F /* Nimble */; };
		2247C40B28347A9F00723B4F /* Quick in Frameworks */ = {isa = PBXBuildFile; productRef = 2247C40A28347A9F00723B4F /* Quick */; };
		225D780428347FDB00ED52FA /* SingleRepoView.swift in Sources */ = {isa = PBXBuildFile; fileRef = 225D780328347FDB00ED52FA /* SingleRepoView.swift */; };
		225D78062834944000ED52FA /* ReposListViewTests.swift in Sources */ = {isa = PBXBuildFile; fileRef = 225D78052834944000ED52FA /* ReposListViewTests.swift */; };
		225D780E2834A64C00ED52FA /* GitHubAppService.swift in Sources */ = {isa = PBXBuildFile; fileRef = 225D780D2834A64C00ED52FA /* GitHubAppService.swift */; };
		225D78102834A81900ED52FA /* Request.swift in Sources */ = {isa = PBXBuildFile; fileRef = 225D780F2834A81900ED52FA /* Request.swift */; };
		225D78122834A9CE00ED52FA /* GitHubAppRepository.swift in Sources */ = {isa = PBXBuildFile; fileRef = 225D78112834A9CE00ED52FA /* GitHubAppRepository.swift */; };
		225D78142834AB0000ED52FA /* GitHubAPIError.swift in Sources */ = {isa = PBXBuildFile; fileRef = 225D78132834AB0000ED52FA /* GitHubAPIError.swift */; };
		225D78162834AC3F00ED52FA /* RepoListData.swift in Sources */ = {isa = PBXBuildFile; fileRef = 225D78152834AC3F00ED52FA /* RepoListData.swift */; };
		22B8601028385EFC007E98B1 /* PullRequestListViewModel.swift in Sources */ = {isa = PBXBuildFile; fileRef = 22B8600F28385EFC007E98B1 /* PullRequestListViewModel.swift */; };
		22B86013283860A8007E98B1 /* PullRequestListCellView.swift in Sources */ = {isa = PBXBuildFile; fileRef = 22B86012283860A8007E98B1 /* PullRequestListCellView.swift */; };
		22B8601728396998007E98B1 /* PullRequestListCellViewTests.swift in Sources */ = {isa = PBXBuildFile; fileRef = 22B8601628396998007E98B1 /* PullRequestListCellViewTests.swift */; };
		22B8601928396D82007E98B1 /* PullRequestListTableCell.swift in Sources */ = {isa = PBXBuildFile; fileRef = 22B8601828396D82007E98B1 /* PullRequestListTableCell.swift */; };
		22B8601B28396F3C007E98B1 /* PullRequestListView.swift in Sources */ = {isa = PBXBuildFile; fileRef = 22B8601A28396F3C007E98B1 /* PullRequestListView.swift */; };
		22B8601D283970BC007E98B1 /* PullRequestListErrorView.swift in Sources */ = {isa = PBXBuildFile; fileRef = 22B8601C283970BC007E98B1 /* PullRequestListErrorView.swift */; };
		22B8601F2839787D007E98B1 /* PullResquestListDataSource.swift in Sources */ = {isa = PBXBuildFile; fileRef = 22B8601E2839787D007E98B1 /* PullResquestListDataSource.swift */; };
		22B8602128397EE4007E98B1 /* PullRequestListData.swift in Sources */ = {isa = PBXBuildFile; fileRef = 22B8602028397EE4007E98B1 /* PullRequestListData.swift */; };
		22B860232839822A007E98B1 /* PullRequestListProtocols.swift in Sources */ = {isa = PBXBuildFile; fileRef = 22B860222839822A007E98B1 /* PullRequestListProtocols.swift */; };
		22B86025283982CF007E98B1 /* PullRequestListController.swift in Sources */ = {isa = PBXBuildFile; fileRef = 22B86024283982CF007E98B1 /* PullRequestListController.swift */; };
		22B860272839840B007E98B1 /* PullRequestListPresenter.swift in Sources */ = {isa = PBXBuildFile; fileRef = 22B860262839840B007E98B1 /* PullRequestListPresenter.swift */; };
		22B86029283AEF0E007E98B1 /* PullRequestListErrorViewTests.swift in Sources */ = {isa = PBXBuildFile; fileRef = 22B86028283AEF0E007E98B1 /* PullRequestListErrorViewTests.swift */; };
		22B8602B283AF1C4007E98B1 /* PullRequestListViewTests.swift in Sources */ = {isa = PBXBuildFile; fileRef = 22B8602A283AF1C4007E98B1 /* PullRequestListViewTests.swift */; };
		22B8602E283AF5B8007E98B1 /* PullRequestViewModel+Stubs.swift in Sources */ = {isa = PBXBuildFile; fileRef = 22B8602D283AF5B8007E98B1 /* PullRequestViewModel+Stubs.swift */; };
		22B86031283AF785007E98B1 /* PullRequestListPresenterSpy.swift in Sources */ = {isa = PBXBuildFile; fileRef = 22B86030283AF785007E98B1 /* PullRequestListPresenterSpy.swift */; };
		22B86033283AF94B007E98B1 /* PullRequestListControllerSpy.swift in Sources */ = {isa = PBXBuildFile; fileRef = 22B86032283AF94B007E98B1 /* PullRequestListControllerSpy.swift */; };
		22B86035283AFA64007E98B1 /* PullRequestListData+Stubs.swift in Sources */ = {isa = PBXBuildFile; fileRef = 22B86034283AFA64007E98B1 /* PullRequestListData+Stubs.swift */; };
		22B86037283AFCB9007E98B1 /* PullRequestListPresenterTests.swift in Sources */ = {isa = PBXBuildFile; fileRef = 22B86036283AFCB9007E98B1 /* PullRequestListPresenterTests.swift */; };
		22B86039283B0818007E98B1 /* PullRequestWebView.swift in Sources */ = {isa = PBXBuildFile; fileRef = 22B86038283B0818007E98B1 /* PullRequestWebView.swift */; };
		22B8603C283B0A5E007E98B1 /* PullRequestWebViewController.swift in Sources */ = {isa = PBXBuildFile; fileRef = 22B8603B283B0A5E007E98B1 /* PullRequestWebViewController.swift */; };
		22D8208D28358339008D377C /* RepoListProtocols.swift in Sources */ = {isa = PBXBuildFile; fileRef = 22D8208C28358339008D377C /* RepoListProtocols.swift */; };
		22D8208F2835837F008D377C /* RepoListViewController.swift in Sources */ = {isa = PBXBuildFile; fileRef = 22D8208E2835837F008D377C /* RepoListViewController.swift */; };
		22D82092283585DD008D377C /* RepoListPresenter.swift in Sources */ = {isa = PBXBuildFile; fileRef = 22D82091283585DD008D377C /* RepoListPresenter.swift */; };
		22D820942835865A008D377C /* GitHubAppRepositoryType.swift in Sources */ = {isa = PBXBuildFile; fileRef = 22D820932835865A008D377C /* GitHubAppRepositoryType.swift */; };
		22F3DAE928331CFC005A0C25 /* AppDelegate.swift in Sources */ = {isa = PBXBuildFile; fileRef = 22F3DAE828331CFC005A0C25 /* AppDelegate.swift */; };
		22F3DAEB28331CFC005A0C25 /* SceneDelegate.swift in Sources */ = {isa = PBXBuildFile; fileRef = 22F3DAEA28331CFC005A0C25 /* SceneDelegate.swift */; };
		22F3DAF228331CFF005A0C25 /* Assets.xcassets in Resources */ = {isa = PBXBuildFile; fileRef = 22F3DAF128331CFF005A0C25 /* Assets.xcassets */; };
		22F3DAF528331CFF005A0C25 /* LaunchScreen.storyboard in Resources */ = {isa = PBXBuildFile; fileRef = 22F3DAF328331CFF005A0C25 /* LaunchScreen.storyboard */; };
		22F3DAFF28331E4F005A0C25 /* GitHubAppCoordinator.swift in Sources */ = {isa = PBXBuildFile; fileRef = 22F3DAFE28331E4F005A0C25 /* GitHubAppCoordinator.swift */; };
		22F3DB0228331FD1005A0C25 /* SnapKit in Frameworks */ = {isa = PBXBuildFile; productRef = 22F3DB0128331FD1005A0C25 /* SnapKit */; };
		22F3DB052833200F005A0C25 /* Alamofire in Frameworks */ = {isa = PBXBuildFile; productRef = 22F3DB042833200F005A0C25 /* Alamofire */; };
		22F3DB222834602D005A0C25 /* ReposListView.swift in Sources */ = {isa = PBXBuildFile; fileRef = 22F3DB212834602D005A0C25 /* ReposListView.swift */; };
		22F3DB242834622B005A0C25 /* ReposListTableDataSource.swift in Sources */ = {isa = PBXBuildFile; fileRef = 22F3DB232834622B005A0C25 /* ReposListTableDataSource.swift */; };
		22F3DB2728346320005A0C25 /* ReposListViewModel.swift in Sources */ = {isa = PBXBuildFile; fileRef = 22F3DB2628346320005A0C25 /* ReposListViewModel.swift */; };
		22F3DB292834659B005A0C25 /* SingleRepoTableCell.swift in Sources */ = {isa = PBXBuildFile; fileRef = 22F3DB282834659B005A0C25 /* SingleRepoTableCell.swift */; };
/* End PBXBuildFile section */

/* Begin PBXContainerItemProxy section */
		2247C3FA2834755B00723B4F /* PBXContainerItemProxy */ = {
			isa = PBXContainerItemProxy;
			containerPortal = 22F3DADD28331CFC005A0C25 /* Project object */;
			proxyType = 1;
			remoteGlobalIDString = 22F3DAE428331CFC005A0C25;
			remoteInfo = "mglu-test";
		};
/* End PBXContainerItemProxy section */

/* Begin PBXFileReference section */
		221F697A283713B000DB0AF8 /* RepoListErrorView.swift */ = {isa = PBXFileReference; lastKnownFileType = sourcecode.swift; path = RepoListErrorView.swift; sourceTree = "<group>"; };
		221F697C283720DF00DB0AF8 /* RepoListErrorViewTests.swift */ = {isa = PBXFileReference; lastKnownFileType = sourcecode.swift; path = RepoListErrorViewTests.swift; sourceTree = "<group>"; };
		2221B6212835B86800962155 /* RepoListPresenterSpy.swift */ = {isa = PBXFileReference; lastKnownFileType = sourcecode.swift; path = RepoListPresenterSpy.swift; sourceTree = "<group>"; };
		2221B6232835B90D00962155 /* RepoListViewControllerSpy.swift */ = {isa = PBXFileReference; lastKnownFileType = sourcecode.swift; path = RepoListViewControllerSpy.swift; sourceTree = "<group>"; };
		2221B6252835B9CF00962155 /* RepoListViewControllerTests.swift */ = {isa = PBXFileReference; lastKnownFileType = sourcecode.swift; path = RepoListViewControllerTests.swift; sourceTree = "<group>"; };
		2221B6272835BBB900962155 /* ReposListViewSpy.swift */ = {isa = PBXFileReference; lastKnownFileType = sourcecode.swift; path = ReposListViewSpy.swift; sourceTree = "<group>"; };
		2221B62A2835C09500962155 /* ReposListViewModel+Stubs.swift */ = {isa = PBXFileReference; lastKnownFileType = sourcecode.swift; path = "ReposListViewModel+Stubs.swift"; sourceTree = "<group>"; };
		2221B62C2835C40600962155 /* GitHubAppRepositorySpy.swift */ = {isa = PBXFileReference; lastKnownFileType = sourcecode.swift; path = GitHubAppRepositorySpy.swift; sourceTree = "<group>"; };
		2221B62E2835C5A200962155 /* RepoListPresenterTests.swift */ = {isa = PBXFileReference; lastKnownFileType = sourcecode.swift; path = RepoListPresenterTests.swift; sourceTree = "<group>"; };
		2221B6302835C78500962155 /* RepoListData+Stubs.swift */ = {isa = PBXFileReference; lastKnownFileType = sourcecode.swift; path = "RepoListData+Stubs.swift"; sourceTree = "<group>"; };
		2247C3F62834755B00723B4F /* mglu-test_Tests.xctest */ = {isa = PBXFileReference; explicitFileType = wrapper.cfbundle; includeInIndex = 0; path = "mglu-test_Tests.xctest"; sourceTree = BUILT_PRODUCTS_DIR; };
		2247C3F82834755B00723B4F /* SingleRepoTableCellTests.swift */ = {isa = PBXFileReference; lastKnownFileType = sourcecode.swift; path = SingleRepoTableCellTests.swift; sourceTree = "<group>"; };
		225D780328347FDB00ED52FA /* SingleRepoView.swift */ = {isa = PBXFileReference; lastKnownFileType = sourcecode.swift; path = SingleRepoView.swift; sourceTree = "<group>"; };
		225D78052834944000ED52FA /* ReposListViewTests.swift */ = {isa = PBXFileReference; lastKnownFileType = sourcecode.swift; path = ReposListViewTests.swift; sourceTree = "<group>"; };
		225D780D2834A64C00ED52FA /* GitHubAppService.swift */ = {isa = PBXFileReference; lastKnownFileType = sourcecode.swift; path = GitHubAppService.swift; sourceTree = "<group>"; };
		225D780F2834A81900ED52FA /* Request.swift */ = {isa = PBXFileReference; lastKnownFileType = sourcecode.swift; path = Request.swift; sourceTree = "<group>"; };
		225D78112834A9CE00ED52FA /* GitHubAppRepository.swift */ = {isa = PBXFileReference; lastKnownFileType = sourcecode.swift; path = GitHubAppRepository.swift; sourceTree = "<group>"; };
		225D78132834AB0000ED52FA /* GitHubAPIError.swift */ = {isa = PBXFileReference; lastKnownFileType = sourcecode.swift; path = GitHubAPIError.swift; sourceTree = "<group>"; };
		225D78152834AC3F00ED52FA /* RepoListData.swift */ = {isa = PBXFileReference; lastKnownFileType = sourcecode.swift; path = RepoListData.swift; sourceTree = "<group>"; };
		22B8600F28385EFC007E98B1 /* PullRequestListViewModel.swift */ = {isa = PBXFileReference; lastKnownFileType = sourcecode.swift; path = PullRequestListViewModel.swift; sourceTree = "<group>"; };
		22B86012283860A8007E98B1 /* PullRequestListCellView.swift */ = {isa = PBXFileReference; lastKnownFileType = sourcecode.swift; path = PullRequestListCellView.swift; sourceTree = "<group>"; };
		22B8601628396998007E98B1 /* PullRequestListCellViewTests.swift */ = {isa = PBXFileReference; lastKnownFileType = sourcecode.swift; path = PullRequestListCellViewTests.swift; sourceTree = "<group>"; };
		22B8601828396D82007E98B1 /* PullRequestListTableCell.swift */ = {isa = PBXFileReference; lastKnownFileType = sourcecode.swift; path = PullRequestListTableCell.swift; sourceTree = "<group>"; };
		22B8601A28396F3C007E98B1 /* PullRequestListView.swift */ = {isa = PBXFileReference; lastKnownFileType = sourcecode.swift; path = PullRequestListView.swift; sourceTree = "<group>"; };
		22B8601C283970BC007E98B1 /* PullRequestListErrorView.swift */ = {isa = PBXFileReference; lastKnownFileType = sourcecode.swift; path = PullRequestListErrorView.swift; sourceTree = "<group>"; };
		22B8601E2839787D007E98B1 /* PullResquestListDataSource.swift */ = {isa = PBXFileReference; lastKnownFileType = sourcecode.swift; path = PullResquestListDataSource.swift; sourceTree = "<group>"; };
		22B8602028397EE4007E98B1 /* PullRequestListData.swift */ = {isa = PBXFileReference; lastKnownFileType = sourcecode.swift; path = PullRequestListData.swift; sourceTree = "<group>"; };
		22B860222839822A007E98B1 /* PullRequestListProtocols.swift */ = {isa = PBXFileReference; lastKnownFileType = sourcecode.swift; path = PullRequestListProtocols.swift; sourceTree = "<group>"; };
		22B86024283982CF007E98B1 /* PullRequestListController.swift */ = {isa = PBXFileReference; lastKnownFileType = sourcecode.swift; path = PullRequestListController.swift; sourceTree = "<group>"; };
		22B860262839840B007E98B1 /* PullRequestListPresenter.swift */ = {isa = PBXFileReference; lastKnownFileType = sourcecode.swift; path = PullRequestListPresenter.swift; sourceTree = "<group>"; };
		22B86028283AEF0E007E98B1 /* PullRequestListErrorViewTests.swift */ = {isa = PBXFileReference; lastKnownFileType = sourcecode.swift; path = PullRequestListErrorViewTests.swift; sourceTree = "<group>"; };
		22B8602A283AF1C4007E98B1 /* PullRequestListViewTests.swift */ = {isa = PBXFileReference; lastKnownFileType = sourcecode.swift; path = PullRequestListViewTests.swift; sourceTree = "<group>"; };
		22B8602D283AF5B8007E98B1 /* PullRequestViewModel+Stubs.swift */ = {isa = PBXFileReference; lastKnownFileType = sourcecode.swift; path = "PullRequestViewModel+Stubs.swift"; sourceTree = "<group>"; };
		22B86030283AF785007E98B1 /* PullRequestListPresenterSpy.swift */ = {isa = PBXFileReference; lastKnownFileType = sourcecode.swift; path = PullRequestListPresenterSpy.swift; sourceTree = "<group>"; };
		22B86032283AF94B007E98B1 /* PullRequestListControllerSpy.swift */ = {isa = PBXFileReference; lastKnownFileType = sourcecode.swift; path = PullRequestListControllerSpy.swift; sourceTree = "<group>"; };
		22B86034283AFA64007E98B1 /* PullRequestListData+Stubs.swift */ = {isa = PBXFileReference; lastKnownFileType = sourcecode.swift; path = "PullRequestListData+Stubs.swift"; sourceTree = "<group>"; };
		22B86036283AFCB9007E98B1 /* PullRequestListPresenterTests.swift */ = {isa = PBXFileReference; lastKnownFileType = sourcecode.swift; path = PullRequestListPresenterTests.swift; sourceTree = "<group>"; };
		22B86038283B0818007E98B1 /* PullRequestWebView.swift */ = {isa = PBXFileReference; lastKnownFileType = sourcecode.swift; path = PullRequestWebView.swift; sourceTree = "<group>"; };
		22B8603B283B0A5E007E98B1 /* PullRequestWebViewController.swift */ = {isa = PBXFileReference; lastKnownFileType = sourcecode.swift; path = PullRequestWebViewController.swift; sourceTree = "<group>"; };
		22D8208C28358339008D377C /* RepoListProtocols.swift */ = {isa = PBXFileReference; lastKnownFileType = sourcecode.swift; path = RepoListProtocols.swift; sourceTree = "<group>"; };
		22D8208E2835837F008D377C /* RepoListViewController.swift */ = {isa = PBXFileReference; lastKnownFileType = sourcecode.swift; path = RepoListViewController.swift; sourceTree = "<group>"; };
		22D82091283585DD008D377C /* RepoListPresenter.swift */ = {isa = PBXFileReference; lastKnownFileType = sourcecode.swift; path = RepoListPresenter.swift; sourceTree = "<group>"; };
		22D820932835865A008D377C /* GitHubAppRepositoryType.swift */ = {isa = PBXFileReference; lastKnownFileType = sourcecode.swift; path = GitHubAppRepositoryType.swift; sourceTree = "<group>"; };
		22F3DAE528331CFC005A0C25 /* mglu-test.app */ = {isa = PBXFileReference; explicitFileType = wrapper.application; includeInIndex = 0; path = "mglu-test.app"; sourceTree = BUILT_PRODUCTS_DIR; };
		22F3DAE828331CFC005A0C25 /* AppDelegate.swift */ = {isa = PBXFileReference; lastKnownFileType = sourcecode.swift; path = AppDelegate.swift; sourceTree = "<group>"; };
		22F3DAEA28331CFC005A0C25 /* SceneDelegate.swift */ = {isa = PBXFileReference; lastKnownFileType = sourcecode.swift; path = SceneDelegate.swift; sourceTree = "<group>"; };
		22F3DAF128331CFF005A0C25 /* Assets.xcassets */ = {isa = PBXFileReference; lastKnownFileType = folder.assetcatalog; path = Assets.xcassets; sourceTree = "<group>"; };
		22F3DAF428331CFF005A0C25 /* Base */ = {isa = PBXFileReference; lastKnownFileType = file.storyboard; name = Base; path = Base.lproj/LaunchScreen.storyboard; sourceTree = "<group>"; };
		22F3DAF628331CFF005A0C25 /* Info.plist */ = {isa = PBXFileReference; lastKnownFileType = text.plist.xml; path = Info.plist; sourceTree = "<group>"; };
		22F3DAFE28331E4F005A0C25 /* GitHubAppCoordinator.swift */ = {isa = PBXFileReference; lastKnownFileType = sourcecode.swift; path = GitHubAppCoordinator.swift; sourceTree = "<group>"; };
		22F3DB212834602D005A0C25 /* ReposListView.swift */ = {isa = PBXFileReference; lastKnownFileType = sourcecode.swift; path = ReposListView.swift; sourceTree = "<group>"; };
		22F3DB232834622B005A0C25 /* ReposListTableDataSource.swift */ = {isa = PBXFileReference; lastKnownFileType = sourcecode.swift; path = ReposListTableDataSource.swift; sourceTree = "<group>"; };
		22F3DB2628346320005A0C25 /* ReposListViewModel.swift */ = {isa = PBXFileReference; lastKnownFileType = sourcecode.swift; path = ReposListViewModel.swift; sourceTree = "<group>"; };
		22F3DB282834659B005A0C25 /* SingleRepoTableCell.swift */ = {isa = PBXFileReference; lastKnownFileType = sourcecode.swift; path = SingleRepoTableCell.swift; sourceTree = "<group>"; };
/* End PBXFileReference section */

/* Begin PBXFrameworksBuildPhase section */
		2247C3F32834755B00723B4F /* Frameworks */ = {
			isa = PBXFrameworksBuildPhase;
			buildActionMask = 2147483647;
			files = (
				2247C40B28347A9F00723B4F /* Quick in Frameworks */,
				2247C40528347A6A00723B4F /* Nimble-Snapshots in Frameworks */,
				2247C40828347A8700723B4F /* Nimble in Frameworks */,
			);
			runOnlyForDeploymentPostprocessing = 0;
		};
		22F3DAE228331CFC005A0C25 /* Frameworks */ = {
			isa = PBXFrameworksBuildPhase;
			buildActionMask = 2147483647;
			files = (
				22F3DB0228331FD1005A0C25 /* SnapKit in Frameworks */,
				22F3DB052833200F005A0C25 /* Alamofire in Frameworks */,
			);
			runOnlyForDeploymentPostprocessing = 0;
		};
/* End PBXFrameworksBuildPhase section */

/* Begin PBXGroup section */
		2221B61F2835B50C00962155 /* Cell */ = {
			isa = PBXGroup;
			children = (
				22F3DB282834659B005A0C25 /* SingleRepoTableCell.swift */,
				225D780328347FDB00ED52FA /* SingleRepoView.swift */,
			);
			path = Cell;
			sourceTree = "<group>";
		};
		2221B6202835B7EB00962155 /* Doubles */ = {
			isa = PBXGroup;
			children = (
				2221B6212835B86800962155 /* RepoListPresenterSpy.swift */,
				2221B6232835B90D00962155 /* RepoListViewControllerSpy.swift */,
				2221B6272835BBB900962155 /* ReposListViewSpy.swift */,
				2221B62C2835C40600962155 /* GitHubAppRepositorySpy.swift */,
			);
			path = Doubles;
			sourceTree = "<group>";
		};
		2221B6292835C08500962155 /* Stubs */ = {
			isa = PBXGroup;
			children = (
				2221B62A2835C09500962155 /* ReposListViewModel+Stubs.swift */,
				2221B6302835C78500962155 /* RepoListData+Stubs.swift */,
			);
			path = Stubs;
			sourceTree = "<group>";
		};
		2247C3F72834755B00723B4F /* mglu-test_Tests */ = {
			isa = PBXGroup;
			children = (
				22B860142839696D007E98B1 /* PullList */,
				225D78082834A03A00ED52FA /* ReposList */,
			);
			path = "mglu-test_Tests";
			sourceTree = "<group>";
		};
		225D78082834A03A00ED52FA /* ReposList */ = {
			isa = PBXGroup;
			children = (
				2221B6292835C08500962155 /* Stubs */,
				2221B6202835B7EB00962155 /* Doubles */,
				225D78092834A04200ED52FA /* Views */,
				2221B6252835B9CF00962155 /* RepoListViewControllerTests.swift */,
				2221B62E2835C5A200962155 /* RepoListPresenterTests.swift */,
			);
			path = ReposList;
			sourceTree = "<group>";
		};
		225D78092834A04200ED52FA /* Views */ = {
			isa = PBXGroup;
			children = (
				2247C3F82834755B00723B4F /* SingleRepoTableCellTests.swift */,
				225D78052834944000ED52FA /* ReposListViewTests.swift */,
				221F697C283720DF00DB0AF8 /* RepoListErrorViewTests.swift */,
			);
			path = Views;
			sourceTree = "<group>";
		};
		225D780A2834A60D00ED52FA /* Network */ = {
			isa = PBXGroup;
			children = (
				225D78182834B39600ED52FA /* Repository */,
				225D78172834B38F00ED52FA /* Service */,
				225D780C2834A63200ED52FA /* Responses */,
			);
			path = Network;
			sourceTree = "<group>";
		};
		225D780C2834A63200ED52FA /* Responses */ = {
			isa = PBXGroup;
			children = (
				225D78152834AC3F00ED52FA /* RepoListData.swift */,
				22B8602028397EE4007E98B1 /* PullRequestListData.swift */,
			);
			path = Responses;
			sourceTree = "<group>";
		};
		225D78172834B38F00ED52FA /* Service */ = {
			isa = PBXGroup;
			children = (
				225D780D2834A64C00ED52FA /* GitHubAppService.swift */,
				225D780F2834A81900ED52FA /* Request.swift */,
			);
			path = Service;
			sourceTree = "<group>";
		};
		225D78182834B39600ED52FA /* Repository */ = {
			isa = PBXGroup;
			children = (
				225D78112834A9CE00ED52FA /* GitHubAppRepository.swift */,
				225D78132834AB0000ED52FA /* GitHubAPIError.swift */,
				22D820932835865A008D377C /* GitHubAppRepositoryType.swift */,
			);
			path = Repository;
			sourceTree = "<group>";
		};
		22B8600C28385EB5007E98B1 /* PullRequestList */ = {
			isa = PBXGroup;
			children = (
				22B8600D28385ED4007E98B1 /* Views */,
				22B860222839822A007E98B1 /* PullRequestListProtocols.swift */,
				22B86024283982CF007E98B1 /* PullRequestListController.swift */,
				22B860262839840B007E98B1 /* PullRequestListPresenter.swift */,
			);
			path = PullRequestList;
			sourceTree = "<group>";
		};
		22B8600D28385ED4007E98B1 /* Views */ = {
			isa = PBXGroup;
			children = (
				22B8601128386073007E98B1 /* PullRequestListCell */,
				22B8600E28385ED8007E98B1 /* Models */,
				22B8601A28396F3C007E98B1 /* PullRequestListView.swift */,
				22B8601C283970BC007E98B1 /* PullRequestListErrorView.swift */,
			);
			path = Views;
			sourceTree = "<group>";
		};
		22B8600E28385ED8007E98B1 /* Models */ = {
			isa = PBXGroup;
			children = (
				22B8600F28385EFC007E98B1 /* PullRequestListViewModel.swift */,
				22B8601E2839787D007E98B1 /* PullResquestListDataSource.swift */,
			);
			path = Models;
			sourceTree = "<group>";
		};
		22B8601128386073007E98B1 /* PullRequestListCell */ = {
			isa = PBXGroup;
			children = (
				22B86012283860A8007E98B1 /* PullRequestListCellView.swift */,
				22B8601828396D82007E98B1 /* PullRequestListTableCell.swift */,
			);
			path = PullRequestListCell;
			sourceTree = "<group>";
		};
		22B860142839696D007E98B1 /* PullList */ = {
			isa = PBXGroup;
			children = (
				22B8602F283AF609007E98B1 /* Doubles */,
				22B8602C283AF5A8007E98B1 /* Stubs */,
				22B8601528396974007E98B1 /* Views */,
				22B86036283AFCB9007E98B1 /* PullRequestListPresenterTests.swift */,
			);
			path = PullList;
			sourceTree = "<group>";
		};
		22B8601528396974007E98B1 /* Views */ = {
			isa = PBXGroup;
			children = (
				22B8601628396998007E98B1 /* PullRequestListCellViewTests.swift */,
				22B86028283AEF0E007E98B1 /* PullRequestListErrorViewTests.swift */,
				22B8602A283AF1C4007E98B1 /* PullRequestListViewTests.swift */,
			);
			path = Views;
			sourceTree = "<group>";
		};
		22B8602C283AF5A8007E98B1 /* Stubs */ = {
			isa = PBXGroup;
			children = (
				22B8602D283AF5B8007E98B1 /* PullRequestViewModel+Stubs.swift */,
				22B86034283AFA64007E98B1 /* PullRequestListData+Stubs.swift */,
			);
			path = Stubs;
			sourceTree = "<group>";
		};
		22B8602F283AF609007E98B1 /* Doubles */ = {
			isa = PBXGroup;
			children = (
				22B86030283AF785007E98B1 /* PullRequestListPresenterSpy.swift */,
				22B86032283AF94B007E98B1 /* PullRequestListControllerSpy.swift */,
			);
			path = Doubles;
			sourceTree = "<group>";
		};
		22B8603A283B0A37007E98B1 /* PullRequesWebView */ = {
			isa = PBXGroup;
			children = (
				22B86038283B0818007E98B1 /* PullRequestWebView.swift */,
				22B8603B283B0A5E007E98B1 /* PullRequestWebViewController.swift */,
			);
			path = PullRequesWebView;
			sourceTree = "<group>";
		};
		22D82095283587E5008D377C /* Common */ = {
			isa = PBXGroup;
			children = (
				22D82096283587ED008D377C /* Extensions */,
			);
			path = Common;
			sourceTree = "<group>";
		};
		22D82096283587ED008D377C /* Extensions */ = {
			isa = PBXGroup;
			children = (
			);
			path = Extensions;
			sourceTree = "<group>";
		};
		22F3DADC28331CFC005A0C25 = {
			isa = PBXGroup;
			children = (
				22F3DAE728331CFC005A0C25 /* mglu-test */,
				2247C3F72834755B00723B4F /* mglu-test_Tests */,
				22F3DAE628331CFC005A0C25 /* Products */,
			);
			sourceTree = "<group>";
		};
		22F3DAE628331CFC005A0C25 /* Products */ = {
			isa = PBXGroup;
			children = (
				22F3DAE528331CFC005A0C25 /* mglu-test.app */,
				2247C3F62834755B00723B4F /* mglu-test_Tests.xctest */,
			);
			name = Products;
			sourceTree = "<group>";
		};
		22F3DAE728331CFC005A0C25 /* mglu-test */ = {
			isa = PBXGroup;
			children = (
				22B8603A283B0A37007E98B1 /* PullRequesWebView */,
				22D82095283587E5008D377C /* Common */,
				225D780A2834A60D00ED52FA /* Network */,
				22B8600C28385EB5007E98B1 /* PullRequestList */,
				22F3DB1F28345FFC005A0C25 /* ReposList */,
				22F3DB1C28332228005A0C25 /* Assets */,
				22F3DAFD28331E2B005A0C25 /* Coordinator */,
				22F3DAFC28331E01005A0C25 /* ApplicationConfig */,
				22F3DAF328331CFF005A0C25 /* LaunchScreen.storyboard */,
			);
			path = "mglu-test";
			sourceTree = "<group>";
		};
		22F3DAFC28331E01005A0C25 /* ApplicationConfig */ = {
			isa = PBXGroup;
			children = (
				22F3DAF628331CFF005A0C25 /* Info.plist */,
				22F3DB1D2833223A005A0C25 /* Delegates */,
			);
			path = ApplicationConfig;
			sourceTree = "<group>";
		};
		22F3DAFD28331E2B005A0C25 /* Coordinator */ = {
			isa = PBXGroup;
			children = (
				22F3DAFE28331E4F005A0C25 /* GitHubAppCoordinator.swift */,
			);
			path = Coordinator;
			sourceTree = "<group>";
		};
		22F3DB1C28332228005A0C25 /* Assets */ = {
			isa = PBXGroup;
			children = (
				22F3DAF128331CFF005A0C25 /* Assets.xcassets */,
			);
			path = Assets;
			sourceTree = "<group>";
		};
		22F3DB1D2833223A005A0C25 /* Delegates */ = {
			isa = PBXGroup;
			children = (
				22F3DAE828331CFC005A0C25 /* AppDelegate.swift */,
				22F3DAEA28331CFC005A0C25 /* SceneDelegate.swift */,
			);
			path = Delegates;
			sourceTree = "<group>";
		};
		22F3DB1F28345FFC005A0C25 /* ReposList */ = {
			isa = PBXGroup;
			children = (
				22D8208E2835837F008D377C /* RepoListViewController.swift */,
				22D82091283585DD008D377C /* RepoListPresenter.swift */,
				22D8208C28358339008D377C /* RepoListProtocols.swift */,
				22F3DB2028346015005A0C25 /* Views */,
			);
			path = ReposList;
			sourceTree = "<group>";
		};
		22F3DB2028346015005A0C25 /* Views */ = {
			isa = PBXGroup;
			children = (
				22F3DB252834630E005A0C25 /* Models */,
				22F3DB212834602D005A0C25 /* ReposListView.swift */,
				2221B61F2835B50C00962155 /* Cell */,
				221F697A283713B000DB0AF8 /* RepoListErrorView.swift */,
			);
			path = Views;
			sourceTree = "<group>";
		};
		22F3DB252834630E005A0C25 /* Models */ = {
			isa = PBXGroup;
			children = (
				22F3DB232834622B005A0C25 /* ReposListTableDataSource.swift */,
				22F3DB2628346320005A0C25 /* ReposListViewModel.swift */,
			);
			path = Models;
			sourceTree = "<group>";
		};
/* End PBXGroup section */

/* Begin PBXNativeTarget section */
		2247C3F52834755B00723B4F /* mglu-test_Tests */ = {
			isa = PBXNativeTarget;
			buildConfigurationList = 2247C3FC2834755B00723B4F /* Build configuration list for PBXNativeTarget "mglu-test_Tests" */;
			buildPhases = (
				2247C3F22834755B00723B4F /* Sources */,
				2247C3F32834755B00723B4F /* Frameworks */,
				2247C3F42834755B00723B4F /* Resources */,
			);
			buildRules = (
			);
			dependencies = (
				2247C3FB2834755B00723B4F /* PBXTargetDependency */,
			);
			name = "mglu-test_Tests";
			packageProductDependencies = (
				2247C40428347A6A00723B4F /* Nimble-Snapshots */,
				2247C40728347A8700723B4F /* Nimble */,
				2247C40A28347A9F00723B4F /* Quick */,
			);
			productName = "mglu-test_Tests";
			productReference = 2247C3F62834755B00723B4F /* mglu-test_Tests.xctest */;
			productType = "com.apple.product-type.bundle.unit-test";
		};
		22F3DAE428331CFC005A0C25 /* mglu-test */ = {
			isa = PBXNativeTarget;
			buildConfigurationList = 22F3DAF928331CFF005A0C25 /* Build configuration list for PBXNativeTarget "mglu-test" */;
			buildPhases = (
				22F3DAE128331CFC005A0C25 /* Sources */,
				22F3DAE228331CFC005A0C25 /* Frameworks */,
				22F3DAE328331CFC005A0C25 /* Resources */,
			);
			buildRules = (
			);
			dependencies = (
			);
			name = "mglu-test";
			packageProductDependencies = (
				22F3DB0128331FD1005A0C25 /* SnapKit */,
				22F3DB042833200F005A0C25 /* Alamofire */,
			);
			productName = "mglu-test";
			productReference = 22F3DAE528331CFC005A0C25 /* mglu-test.app */;
			productType = "com.apple.product-type.application";
		};
/* End PBXNativeTarget section */

/* Begin PBXProject section */
		22F3DADD28331CFC005A0C25 /* Project object */ = {
			isa = PBXProject;
			attributes = {
				BuildIndependentTargetsInParallel = 1;
				LastSwiftUpdateCheck = 1330;
				LastUpgradeCheck = 1330;
				TargetAttributes = {
					2247C3F52834755B00723B4F = {
						CreatedOnToolsVersion = 13.3.1;
						TestTargetID = 22F3DAE428331CFC005A0C25;
					};
					22F3DAE428331CFC005A0C25 = {
						CreatedOnToolsVersion = 13.3.1;
					};
				};
			};
			buildConfigurationList = 22F3DAE028331CFC005A0C25 /* Build configuration list for PBXProject "mglu-test" */;
			compatibilityVersion = "Xcode 13.0";
			developmentRegion = en;
			hasScannedForEncodings = 0;
			knownRegions = (
				en,
				Base,
			);
			mainGroup = 22F3DADC28331CFC005A0C25;
			packageReferences = (
				22F3DB0028331FD0005A0C25 /* XCRemoteSwiftPackageReference "SnapKit" */,
				22F3DB032833200F005A0C25 /* XCRemoteSwiftPackageReference "Alamofire" */,
				2247C40328347A6A00723B4F /* XCRemoteSwiftPackageReference "Nimble-Snapshots" */,
				2247C40628347A8700723B4F /* XCRemoteSwiftPackageReference "Nimble" */,
				2247C40928347A9F00723B4F /* XCRemoteSwiftPackageReference "Quick" */,
			);
			productRefGroup = 22F3DAE628331CFC005A0C25 /* Products */;
			projectDirPath = "";
			projectRoot = "";
			targets = (
				22F3DAE428331CFC005A0C25 /* mglu-test */,
				2247C3F52834755B00723B4F /* mglu-test_Tests */,
			);
		};
/* End PBXProject section */

/* Begin PBXResourcesBuildPhase section */
		2247C3F42834755B00723B4F /* Resources */ = {
			isa = PBXResourcesBuildPhase;
			buildActionMask = 2147483647;
			files = (
			);
			runOnlyForDeploymentPostprocessing = 0;
		};
		22F3DAE328331CFC005A0C25 /* Resources */ = {
			isa = PBXResourcesBuildPhase;
			buildActionMask = 2147483647;
			files = (
				22F3DAF528331CFF005A0C25 /* LaunchScreen.storyboard in Resources */,
				22F3DAF228331CFF005A0C25 /* Assets.xcassets in Resources */,
			);
			runOnlyForDeploymentPostprocessing = 0;
		};
/* End PBXResourcesBuildPhase section */

/* Begin PBXSourcesBuildPhase section */
		2247C3F22834755B00723B4F /* Sources */ = {
			isa = PBXSourcesBuildPhase;
			buildActionMask = 2147483647;
			files = (
				22B86033283AF94B007E98B1 /* PullRequestListControllerSpy.swift in Sources */,
				225D78062834944000ED52FA /* ReposListViewTests.swift in Sources */,
				22B8601728396998007E98B1 /* PullRequestListCellViewTests.swift in Sources */,
				2247C3FF283476CF00723B4F /* SingleRepoTableCellTests.swift in Sources */,
				22B8602B283AF1C4007E98B1 /* PullRequestListViewTests.swift in Sources */,
				2221B62B2835C09500962155 /* ReposListViewModel+Stubs.swift in Sources */,
				2221B62F2835C5A200962155 /* RepoListPresenterTests.swift in Sources */,
				22B86031283AF785007E98B1 /* PullRequestListPresenterSpy.swift in Sources */,
				22B86035283AFA64007E98B1 /* PullRequestListData+Stubs.swift in Sources */,
				2221B6222835B86800962155 /* RepoListPresenterSpy.swift in Sources */,
				2221B6312835C78500962155 /* RepoListData+Stubs.swift in Sources */,
				2221B6242835B90D00962155 /* RepoListViewControllerSpy.swift in Sources */,
				2221B6262835B9CF00962155 /* RepoListViewControllerTests.swift in Sources */,
				22B8602E283AF5B8007E98B1 /* PullRequestViewModel+Stubs.swift in Sources */,
				2221B6282835BBB900962155 /* ReposListViewSpy.swift in Sources */,
				221F697D283720DF00DB0AF8 /* RepoListErrorViewTests.swift in Sources */,
				22B86037283AFCB9007E98B1 /* PullRequestListPresenterTests.swift in Sources */,
				2221B62D2835C40600962155 /* GitHubAppRepositorySpy.swift in Sources */,
				22B86029283AEF0E007E98B1 /* PullRequestListErrorViewTests.swift in Sources */,
			);
			runOnlyForDeploymentPostprocessing = 0;
		};
		22F3DAE128331CFC005A0C25 /* Sources */ = {
			isa = PBXSourcesBuildPhase;
			buildActionMask = 2147483647;
			files = (
				22F3DAFF28331E4F005A0C25 /* GitHubAppCoordinator.swift in Sources */,
				225D78122834A9CE00ED52FA /* GitHubAppRepository.swift in Sources */,
				22F3DB292834659B005A0C25 /* SingleRepoTableCell.swift in Sources */,
				225D780E2834A64C00ED52FA /* GitHubAppService.swift in Sources */,
				22B860232839822A007E98B1 /* PullRequestListProtocols.swift in Sources */,
				225D78162834AC3F00ED52FA /* RepoListData.swift in Sources */,
				225D780428347FDB00ED52FA /* SingleRepoView.swift in Sources */,
				22B860272839840B007E98B1 /* PullRequestListPresenter.swift in Sources */,
				22F3DAE928331CFC005A0C25 /* AppDelegate.swift in Sources */,
				22B86039283B0818007E98B1 /* PullRequestWebView.swift in Sources */,
				22D8208F2835837F008D377C /* RepoListViewController.swift in Sources */,
				22F3DB2728346320005A0C25 /* ReposListViewModel.swift in Sources */,
				22B8601B28396F3C007E98B1 /* PullRequestListView.swift in Sources */,
				22B86013283860A8007E98B1 /* PullRequestListCellView.swift in Sources */,
				22B8601D283970BC007E98B1 /* PullRequestListErrorView.swift in Sources */,
				22F3DB222834602D005A0C25 /* ReposListView.swift in Sources */,
				225D78102834A81900ED52FA /* Request.swift in Sources */,
				22B8601F2839787D007E98B1 /* PullResquestListDataSource.swift in Sources */,
				22F3DB242834622B005A0C25 /* ReposListTableDataSource.swift in Sources */,
				22D82092283585DD008D377C /* RepoListPresenter.swift in Sources */,
				221F697B283713B000DB0AF8 /* RepoListErrorView.swift in Sources */,
				22B8601928396D82007E98B1 /* PullRequestListTableCell.swift in Sources */,
				22D820942835865A008D377C /* GitHubAppRepositoryType.swift in Sources */,
				225D78142834AB0000ED52FA /* GitHubAPIError.swift in Sources */,
				22B8603C283B0A5E007E98B1 /* PullRequestWebViewController.swift in Sources */,
				22F3DAEB28331CFC005A0C25 /* SceneDelegate.swift in Sources */,
				22D8208D28358339008D377C /* RepoListProtocols.swift in Sources */,
				22B8601028385EFC007E98B1 /* PullRequestListViewModel.swift in Sources */,
				22B86025283982CF007E98B1 /* PullRequestListController.swift in Sources */,
				22B8602128397EE4007E98B1 /* PullRequestListData.swift in Sources */,
			);
			runOnlyForDeploymentPostprocessing = 0;
		};
/* End PBXSourcesBuildPhase section */

/* Begin PBXTargetDependency section */
		2247C3FB2834755B00723B4F /* PBXTargetDependency */ = {
			isa = PBXTargetDependency;
			target = 22F3DAE428331CFC005A0C25 /* mglu-test */;
			targetProxy = 2247C3FA2834755B00723B4F /* PBXContainerItemProxy */;
		};
/* End PBXTargetDependency section */

/* Begin PBXVariantGroup section */
		22F3DAF328331CFF005A0C25 /* LaunchScreen.storyboard */ = {
			isa = PBXVariantGroup;
			children = (
				22F3DAF428331CFF005A0C25 /* Base */,
			);
			name = LaunchScreen.storyboard;
			sourceTree = "<group>";
		};
/* End PBXVariantGroup section */

/* Begin XCBuildConfiguration section */
		2247C3FD2834755B00723B4F /* Debug */ = {
			isa = XCBuildConfiguration;
			buildSettings = {
				BUNDLE_LOADER = "$(TEST_HOST)";
				CODE_SIGN_STYLE = Automatic;
				CURRENT_PROJECT_VERSION = 1;
				DEVELOPMENT_TEAM = 4LXC4A87QZ;
				GENERATE_INFOPLIST_FILE = YES;
				MARKETING_VERSION = 1.0;
				PRODUCT_BUNDLE_IDENTIFIER = "com.victorfalcetta.mglu-test-Tests";
				PRODUCT_NAME = "$(TARGET_NAME)";
				SWIFT_EMIT_LOC_STRINGS = NO;
				SWIFT_VERSION = 5.0;
				TARGETED_DEVICE_FAMILY = "1,2";
				TEST_HOST = "$(BUILT_PRODUCTS_DIR)/mglu-test.app/mglu-test";
			};
			name = Debug;
		};
		2247C3FE2834755B00723B4F /* Release */ = {
			isa = XCBuildConfiguration;
			buildSettings = {
				BUNDLE_LOADER = "$(TEST_HOST)";
				CODE_SIGN_STYLE = Automatic;
				CURRENT_PROJECT_VERSION = 1;
				DEVELOPMENT_TEAM = 4LXC4A87QZ;
				GENERATE_INFOPLIST_FILE = YES;
				MARKETING_VERSION = 1.0;
				PRODUCT_BUNDLE_IDENTIFIER = "com.victorfalcetta.mglu-test-Tests";
				PRODUCT_NAME = "$(TARGET_NAME)";
				SWIFT_EMIT_LOC_STRINGS = NO;
				SWIFT_VERSION = 5.0;
				TARGETED_DEVICE_FAMILY = "1,2";
				TEST_HOST = "$(BUILT_PRODUCTS_DIR)/mglu-test.app/mglu-test";
			};
			name = Release;
		};
		22F3DAF728331CFF005A0C25 /* Debug */ = {
			isa = XCBuildConfiguration;
			buildSettings = {
				ALWAYS_SEARCH_USER_PATHS = NO;
				CLANG_ANALYZER_NONNULL = YES;
				CLANG_ANALYZER_NUMBER_OBJECT_CONVERSION = YES_AGGRESSIVE;
				CLANG_CXX_LANGUAGE_STANDARD = "gnu++17";
				CLANG_ENABLE_MODULES = YES;
				CLANG_ENABLE_OBJC_ARC = YES;
				CLANG_ENABLE_OBJC_WEAK = YES;
				CLANG_WARN_BLOCK_CAPTURE_AUTORELEASING = YES;
				CLANG_WARN_BOOL_CONVERSION = YES;
				CLANG_WARN_COMMA = YES;
				CLANG_WARN_CONSTANT_CONVERSION = YES;
				CLANG_WARN_DEPRECATED_OBJC_IMPLEMENTATIONS = YES;
				CLANG_WARN_DIRECT_OBJC_ISA_USAGE = YES_ERROR;
				CLANG_WARN_DOCUMENTATION_COMMENTS = YES;
				CLANG_WARN_EMPTY_BODY = YES;
				CLANG_WARN_ENUM_CONVERSION = YES;
				CLANG_WARN_INFINITE_RECURSION = YES;
				CLANG_WARN_INT_CONVERSION = YES;
				CLANG_WARN_NON_LITERAL_NULL_CONVERSION = YES;
				CLANG_WARN_OBJC_IMPLICIT_RETAIN_SELF = YES;
				CLANG_WARN_OBJC_LITERAL_CONVERSION = YES;
				CLANG_WARN_OBJC_ROOT_CLASS = YES_ERROR;
				CLANG_WARN_QUOTED_INCLUDE_IN_FRAMEWORK_HEADER = YES;
				CLANG_WARN_RANGE_LOOP_ANALYSIS = YES;
				CLANG_WARN_STRICT_PROTOTYPES = YES;
				CLANG_WARN_SUSPICIOUS_MOVE = YES;
				CLANG_WARN_UNGUARDED_AVAILABILITY = YES_AGGRESSIVE;
				CLANG_WARN_UNREACHABLE_CODE = YES;
				CLANG_WARN__DUPLICATE_METHOD_MATCH = YES;
				COPY_PHASE_STRIP = NO;
				DEBUG_INFORMATION_FORMAT = dwarf;
				ENABLE_STRICT_OBJC_MSGSEND = YES;
				ENABLE_TESTABILITY = YES;
				GCC_C_LANGUAGE_STANDARD = gnu11;
				GCC_DYNAMIC_NO_PIC = NO;
				GCC_NO_COMMON_BLOCKS = YES;
				GCC_OPTIMIZATION_LEVEL = 0;
				GCC_PREPROCESSOR_DEFINITIONS = (
					"DEBUG=1",
					"$(inherited)",
				);
				GCC_WARN_64_TO_32_BIT_CONVERSION = YES;
				GCC_WARN_ABOUT_RETURN_TYPE = YES_ERROR;
				GCC_WARN_UNDECLARED_SELECTOR = YES;
				GCC_WARN_UNINITIALIZED_AUTOS = YES_AGGRESSIVE;
				GCC_WARN_UNUSED_FUNCTION = YES;
				GCC_WARN_UNUSED_VARIABLE = YES;
				IPHONEOS_DEPLOYMENT_TARGET = 15.4;
				MTL_ENABLE_DEBUG_INFO = INCLUDE_SOURCE;
				MTL_FAST_MATH = YES;
				ONLY_ACTIVE_ARCH = YES;
				SDKROOT = iphoneos;
				SWIFT_ACTIVE_COMPILATION_CONDITIONS = DEBUG;
				SWIFT_OPTIMIZATION_LEVEL = "-Onone";
			};
			name = Debug;
		};
		22F3DAF828331CFF005A0C25 /* Release */ = {
			isa = XCBuildConfiguration;
			buildSettings = {
				ALWAYS_SEARCH_USER_PATHS = NO;
				CLANG_ANALYZER_NONNULL = YES;
				CLANG_ANALYZER_NUMBER_OBJECT_CONVERSION = YES_AGGRESSIVE;
				CLANG_CXX_LANGUAGE_STANDARD = "gnu++17";
				CLANG_ENABLE_MODULES = YES;
				CLANG_ENABLE_OBJC_ARC = YES;
				CLANG_ENABLE_OBJC_WEAK = YES;
				CLANG_WARN_BLOCK_CAPTURE_AUTORELEASING = YES;
				CLANG_WARN_BOOL_CONVERSION = YES;
				CLANG_WARN_COMMA = YES;
				CLANG_WARN_CONSTANT_CONVERSION = YES;
				CLANG_WARN_DEPRECATED_OBJC_IMPLEMENTATIONS = YES;
				CLANG_WARN_DIRECT_OBJC_ISA_USAGE = YES_ERROR;
				CLANG_WARN_DOCUMENTATION_COMMENTS = YES;
				CLANG_WARN_EMPTY_BODY = YES;
				CLANG_WARN_ENUM_CONVERSION = YES;
				CLANG_WARN_INFINITE_RECURSION = YES;
				CLANG_WARN_INT_CONVERSION = YES;
				CLANG_WARN_NON_LITERAL_NULL_CONVERSION = YES;
				CLANG_WARN_OBJC_IMPLICIT_RETAIN_SELF = YES;
				CLANG_WARN_OBJC_LITERAL_CONVERSION = YES;
				CLANG_WARN_OBJC_ROOT_CLASS = YES_ERROR;
				CLANG_WARN_QUOTED_INCLUDE_IN_FRAMEWORK_HEADER = YES;
				CLANG_WARN_RANGE_LOOP_ANALYSIS = YES;
				CLANG_WARN_STRICT_PROTOTYPES = YES;
				CLANG_WARN_SUSPICIOUS_MOVE = YES;
				CLANG_WARN_UNGUARDED_AVAILABILITY = YES_AGGRESSIVE;
				CLANG_WARN_UNREACHABLE_CODE = YES;
				CLANG_WARN__DUPLICATE_METHOD_MATCH = YES;
				COPY_PHASE_STRIP = NO;
				DEBUG_INFORMATION_FORMAT = "dwarf-with-dsym";
				ENABLE_NS_ASSERTIONS = NO;
				ENABLE_STRICT_OBJC_MSGSEND = YES;
				GCC_C_LANGUAGE_STANDARD = gnu11;
				GCC_NO_COMMON_BLOCKS = YES;
				GCC_WARN_64_TO_32_BIT_CONVERSION = YES;
				GCC_WARN_ABOUT_RETURN_TYPE = YES_ERROR;
				GCC_WARN_UNDECLARED_SELECTOR = YES;
				GCC_WARN_UNINITIALIZED_AUTOS = YES_AGGRESSIVE;
				GCC_WARN_UNUSED_FUNCTION = YES;
				GCC_WARN_UNUSED_VARIABLE = YES;
				IPHONEOS_DEPLOYMENT_TARGET = 15.4;
				MTL_ENABLE_DEBUG_INFO = NO;
				MTL_FAST_MATH = YES;
				SDKROOT = iphoneos;
				SWIFT_COMPILATION_MODE = wholemodule;
				SWIFT_OPTIMIZATION_LEVEL = "-O";
				VALIDATE_PRODUCT = YES;
			};
			name = Release;
		};
		22F3DAFA28331CFF005A0C25 /* Debug */ = {
			isa = XCBuildConfiguration;
			buildSettings = {
				ASSETCATALOG_COMPILER_APPICON_NAME = AppIcon;
				ASSETCATALOG_COMPILER_GLOBAL_ACCENT_COLOR_NAME = AccentColor;
				CODE_SIGN_STYLE = Automatic;
				CURRENT_PROJECT_VERSION = 1;
				DEVELOPMENT_TEAM = 4LXC4A87QZ;
				GENERATE_INFOPLIST_FILE = YES;
				INFOPLIST_FILE = "mglu-test/ApplicationConfig/Info.plist";
				INFOPLIST_KEY_UIApplicationSupportsIndirectInputEvents = YES;
				INFOPLIST_KEY_UILaunchStoryboardName = LaunchScreen;
				INFOPLIST_KEY_UISupportedInterfaceOrientations_iPad = "UIInterfaceOrientationPortrait UIInterfaceOrientationPortraitUpsideDown UIInterfaceOrientationLandscapeLeft UIInterfaceOrientationLandscapeRight";
				INFOPLIST_KEY_UISupportedInterfaceOrientations_iPhone = "UIInterfaceOrientationPortrait UIInterfaceOrientationLandscapeLeft UIInterfaceOrientationLandscapeRight";
				LD_RUNPATH_SEARCH_PATHS = (
					"$(inherited)",
					"@executable_path/Frameworks",
				);
				MARKETING_VERSION = 1.0;
				PRODUCT_BUNDLE_IDENTIFIER = "com.victorfalcetta.mglu-test";
				PRODUCT_NAME = "$(TARGET_NAME)";
				SWIFT_EMIT_LOC_STRINGS = YES;
				SWIFT_VERSION = 5.0;
				TARGETED_DEVICE_FAMILY = "1,2";
			};
			name = Debug;
		};
		22F3DAFB28331CFF005A0C25 /* Release */ = {
			isa = XCBuildConfiguration;
			buildSettings = {
				ASSETCATALOG_COMPILER_APPICON_NAME = AppIcon;
				ASSETCATALOG_COMPILER_GLOBAL_ACCENT_COLOR_NAME = AccentColor;
				CODE_SIGN_STYLE = Automatic;
				CURRENT_PROJECT_VERSION = 1;
				DEVELOPMENT_TEAM = 4LXC4A87QZ;
				GENERATE_INFOPLIST_FILE = YES;
				INFOPLIST_FILE = "mglu-test/ApplicationConfig/Info.plist";
				INFOPLIST_KEY_UIApplicationSupportsIndirectInputEvents = YES;
				INFOPLIST_KEY_UILaunchStoryboardName = LaunchScreen;
				INFOPLIST_KEY_UISupportedInterfaceOrientations_iPad = "UIInterfaceOrientationPortrait UIInterfaceOrientationPortraitUpsideDown UIInterfaceOrientationLandscapeLeft UIInterfaceOrientationLandscapeRight";
				INFOPLIST_KEY_UISupportedInterfaceOrientations_iPhone = "UIInterfaceOrientationPortrait UIInterfaceOrientationLandscapeLeft UIInterfaceOrientationLandscapeRight";
				LD_RUNPATH_SEARCH_PATHS = (
					"$(inherited)",
					"@executable_path/Frameworks",
				);
				MARKETING_VERSION = 1.0;
				PRODUCT_BUNDLE_IDENTIFIER = "com.victorfalcetta.mglu-test";
				PRODUCT_NAME = "$(TARGET_NAME)";
				SWIFT_EMIT_LOC_STRINGS = YES;
				SWIFT_VERSION = 5.0;
				TARGETED_DEVICE_FAMILY = "1,2";
			};
			name = Release;
		};
/* End XCBuildConfiguration section */

/* Begin XCConfigurationList section */
		2247C3FC2834755B00723B4F /* Build configuration list for PBXNativeTarget "mglu-test_Tests" */ = {
			isa = XCConfigurationList;
			buildConfigurations = (
				2247C3FD2834755B00723B4F /* Debug */,
				2247C3FE2834755B00723B4F /* Release */,
			);
			defaultConfigurationIsVisible = 0;
			defaultConfigurationName = Release;
		};
		22F3DAE028331CFC005A0C25 /* Build configuration list for PBXProject "mglu-test" */ = {
			isa = XCConfigurationList;
			buildConfigurations = (
				22F3DAF728331CFF005A0C25 /* Debug */,
				22F3DAF828331CFF005A0C25 /* Release */,
			);
			defaultConfigurationIsVisible = 0;
			defaultConfigurationName = Release;
		};
		22F3DAF928331CFF005A0C25 /* Build configuration list for PBXNativeTarget "mglu-test" */ = {
			isa = XCConfigurationList;
			buildConfigurations = (
				22F3DAFA28331CFF005A0C25 /* Debug */,
				22F3DAFB28331CFF005A0C25 /* Release */,
			);
			defaultConfigurationIsVisible = 0;
			defaultConfigurationName = Release;
		};
/* End XCConfigurationList section */

/* Begin XCRemoteSwiftPackageReference section */
		2247C40328347A6A00723B4F /* XCRemoteSwiftPackageReference "Nimble-Snapshots" */ = {
			isa = XCRemoteSwiftPackageReference;
			repositoryURL = "https://github.com/ashfurrow/Nimble-Snapshots";
			requirement = {
				kind = upToNextMinorVersion;
				minimumVersion = 9.4.0;
			};
		};
		2247C40628347A8700723B4F /* XCRemoteSwiftPackageReference "Nimble" */ = {
			isa = XCRemoteSwiftPackageReference;
			repositoryURL = "https://github.com/Quick/Nimble";
			requirement = {
				branch = main;
				kind = branch;
			};
		};
		2247C40928347A9F00723B4F /* XCRemoteSwiftPackageReference "Quick" */ = {
			isa = XCRemoteSwiftPackageReference;
			repositoryURL = "https://github.com/Quick/Quick";
			requirement = {
				branch = main;
				kind = branch;
			};
		};
		22F3DB0028331FD0005A0C25 /* XCRemoteSwiftPackageReference "SnapKit" */ = {
			isa = XCRemoteSwiftPackageReference;
			repositoryURL = "https://github.com/SnapKit/SnapKit";
			requirement = {
				kind = upToNextMinorVersion;
				minimumVersion = 5.6.0;
			};
		};
		22F3DB032833200F005A0C25 /* XCRemoteSwiftPackageReference "Alamofire" */ = {
			isa = XCRemoteSwiftPackageReference;
			repositoryURL = "https://github.com/Alamofire/Alamofire";
			requirement = {
				kind = upToNextMinorVersion;
				minimumVersion = 5.6.0;
			};
		};
/* End XCRemoteSwiftPackageReference section */

/* Begin XCSwiftPackageProductDependency section */
		2247C40428347A6A00723B4F /* Nimble-Snapshots */ = {
			isa = XCSwiftPackageProductDependency;
			package = 2247C40328347A6A00723B4F /* XCRemoteSwiftPackageReference "Nimble-Snapshots" */;
			productName = "Nimble-Snapshots";
		};
		2247C40728347A8700723B4F /* Nimble */ = {
			isa = XCSwiftPackageProductDependency;
			package = 2247C40628347A8700723B4F /* XCRemoteSwiftPackageReference "Nimble" */;
			productName = Nimble;
		};
		2247C40A28347A9F00723B4F /* Quick */ = {
			isa = XCSwiftPackageProductDependency;
			package = 2247C40928347A9F00723B4F /* XCRemoteSwiftPackageReference "Quick" */;
			productName = Quick;
		};
		22F3DB0128331FD1005A0C25 /* SnapKit */ = {
			isa = XCSwiftPackageProductDependency;
			package = 22F3DB0028331FD0005A0C25 /* XCRemoteSwiftPackageReference "SnapKit" */;
			productName = SnapKit;
		};
		22F3DB042833200F005A0C25 /* Alamofire */ = {
			isa = XCSwiftPackageProductDependency;
			package = 22F3DB032833200F005A0C25 /* XCRemoteSwiftPackageReference "Alamofire" */;
			productName = Alamofire;
		};
/* End XCSwiftPackageProductDependency section */
	};
	rootObject = 22F3DADD28331CFC005A0C25 /* Project object */;
}
